
Microsoft Visual Studio Solution File, Format Version 12.00
# Visual Studio Version 17
VisualStudioVersion = 17.1.32210.238
MinimumVisualStudioVersion = 10.0.40219.1
Project("{9A19103F-16F7-4668-BE54-9A1E7A4F7556}") = "FirstProject", "First_project\FirstProject.csproj", "{5C90FC26-DDEC-4581-92F4-64B0B960E130}"
EndProject
Project("{FAE04EC0-301F-11D3-BF4B-00C04F79EFBC}") = "SeleniumLearning", "SeleniumLearning\SeleniumLearning.csproj", "{6A5F6518-9F66-4B60-A117-F8F75B241DAF}"
EndProject
Global
	GlobalSection(SolutionConfigurationPlatforms) = preSolution
		Debug|Any CPU = Debug|Any CPU
		Release|Any CPU = Release|Any CPU
	EndGlobalSection
	GlobalSection(ProjectConfigurationPlatforms) = postSolution
		{5C90FC26-DDEC-4581-92F4-64B0B960E130}.Debug|Any CPU.ActiveCfg = Debug|Any CPU
		{5C90FC26-DDEC-4581-92F4-64B0B960E130}.Debug|Any CPU.Build.0 = Debug|Any CPU
		{5C90FC26-DDEC-4581-92F4-64B0B960E130}.Release|Any CPU.ActiveCfg = Release|Any CPU
		{5C90FC26-DDEC-4581-92F4-64B0B960E130}.Release|Any CPU.Build.0 = Release|Any CPU
		{6A5F6518-9F66-4B60-A117-F8F75B241DAF}.Debug|Any CPU.ActiveCfg = Debug|Any CPU
		{6A5F6518-9F66-4B60-A117-F8F75B241DAF}.Debug|Any CPU.Build.0 = Debug|Any CPU
		{6A5F6518-9F66-4B60-A117-F8F75B241DAF}.Release|Any CPU.ActiveCfg = Release|Any CPU
		{6A5F6518-9F66-4B60-A117-F8F75B241DAF}.Release|Any CPU.Build.0 = Release|Any CPU
	EndGlobalSection
	GlobalSection(SolutionProperties) = preSolution
		HideSolutionNode = FALSE
	EndGlobalSection
	GlobalSection(ExtensibilityGlobals) = postSolution
		SolutionGuid = {0E71521E-AD83-41C5-B9F9-FCD942CCC9C4}
	EndGlobalSection
EndGlobal
